
Microsoft Visual Studio Solution File, Format Version 12.00
# Visual Studio Version 16
VisualStudioVersion = 16.0.30717.126
MinimumVisualStudioVersion = 10.0.40219.1
Project("{FAE04EC0-301F-11D3-BF4B-00C04F79EFBC}") = "ShopLernen", "ShopLernen\ShopLernen.csproj", "{93A44C56-4A81-449E-ABAE-80750ACEF527}"
EndProject
Global
	GlobalSection(SolutionConfigurationPlatforms) = preSolution
		Debug|Any CPU = Debug|Any CPU
		Release|Any CPU = Release|Any CPU
	EndGlobalSection
	GlobalSection(ProjectConfigurationPlatforms) = postSolution
		{93A44C56-4A81-449E-ABAE-80750ACEF527}.Debug|Any CPU.ActiveCfg = Debug|Any CPU
		{93A44C56-4A81-449E-ABAE-80750ACEF527}.Debug|Any CPU.Build.0 = Debug|Any CPU
		{93A44C56-4A81-449E-ABAE-80750ACEF527}.Release|Any CPU.ActiveCfg = Release|Any CPU
		{93A44C56-4A81-449E-ABAE-80750ACEF527}.Release|Any CPU.Build.0 = Release|Any CPU
	EndGlobalSection
	GlobalSection(SolutionProperties) = preSolution
		HideSolutionNode = FALSE
	EndGlobalSection
	GlobalSection(ExtensibilityGlobals) = postSolution
		SolutionGuid = {93B867A0-FA82-4D64-A293-243D78EA2DF0}
	EndGlobalSection
EndGlobal
